
Microsoft Visual Studio Solution File, Format Version 12.00
# Visual Studio 2012
Project("{FAE04EC0-301F-11D3-BF4B-00C04F79EFBC}") = "DICOMDump", "DICOMDump\DICOMDump.csproj", "{49CE85FD-B60A-4AD0-A866-E3B2CE70BCCD}"
EndProject
Global
	GlobalSection(SolutionConfigurationPlatforms) = preSolution
		Debug|Any CPU = Debug|Any CPU
		Release|Any CPU = Release|Any CPU
	EndGlobalSection
	GlobalSection(ProjectConfigurationPlatforms) = postSolution
		{49CE85FD-B60A-4AD0-A866-E3B2CE70BCCD}.Debug|Any CPU.ActiveCfg = Debug|Any CPU
		{49CE85FD-B60A-4AD0-A866-E3B2CE70BCCD}.Debug|Any CPU.Build.0 = Debug|Any CPU
		{49CE85FD-B60A-4AD0-A866-E3B2CE70BCCD}.Release|Any CPU.ActiveCfg = Release|Any CPU
		{49CE85FD-B60A-4AD0-A866-E3B2CE70BCCD}.Release|Any CPU.Build.0 = Release|Any CPU
	EndGlobalSection
	GlobalSection(SolutionProperties) = preSolution
		HideSolutionNode = FALSE
	EndGlobalSection
EndGlobal
